
Microsoft Visual Studio Solution File, Format Version 12.00
# Visual Studio Version 17
VisualStudioVersion = 17.11.35303.130
MinimumVisualStudioVersion = 10.0.40219.1
Project("{9A19103F-16F7-4668-BE54-9A1E7A4F7556}") = "Tyuiu.StepanyukMV.Sprint1.Task0.V19", "Tyuiu.StepanyukMV.Sprint1.Task0.V19\Tyuiu.StepanyukMV.Sprint1.Task0.V19.csproj", "{4F0ABEF2-C5CD-4008-932F-D8F41BBADFA3}"
EndProject
Project("{9A19103F-16F7-4668-BE54-9A1E7A4F7556}") = "Tyuiu.StepanyukMV.Sprint1.Task0.V19.Lib", "Tyuiu.StepanyukMV.Sprint1.Task0.V19.Lib\Tyuiu.StepanyukMV.Sprint1.Task0.V19.Lib.csproj", "{B9110B91-1037-450D-A30C-E381B1551279}"
EndProject
Project("{9A19103F-16F7-4668-BE54-9A1E7A4F7556}") = "Tyuiu.StepanyukMV.Sprint1.Task0.V19.Test", "Tyuiu.StepanyukMV.Sprint1.Task0.V19.Test\Tyuiu.StepanyukMV.Sprint1.Task0.V19.Test.csproj", "{A76C85C4-3485-4C97-A42E-36A5DBAF0432}"
EndProject
Project("{2150E333-8FDC-42A3-9474-1A3956D46DE8}") = "Task0", "Task0", "{68E6D6B7-8630-4BCF-A009-1EDDF033CCEB}"
EndProject
Project("{2150E333-8FDC-42A3-9474-1A3956D46DE8}") = "Task1", "Task1", "{6969855E-D42D-40F2-810E-8D97E0B184AB}"
EndProject
Project("{9A19103F-16F7-4668-BE54-9A1E7A4F7556}") = "Tyuiu.StepanyukMV.Sprint1.Task1.V12", "Tyuiu.StepanyukMV.Sprint1.Task1.V12\Tyuiu.StepanyukMV.Sprint1.Task1.V12.csproj", "{859B54F9-3C7F-4072-8EF9-F39C524E1615}"
EndProject
Project("{9A19103F-16F7-4668-BE54-9A1E7A4F7556}") = "Tyuiu.StepanyukMV.Sprint1.Task1.V12.Lib", "Tyuiu.StepanyukMV.Sprint1.Task1.V12.Lib\Tyuiu.StepanyukMV.Sprint1.Task1.V12.Lib.csproj", "{031A2C0F-7110-4CC8-8DBA-161F52A0FC78}"
EndProject
Project("{9A19103F-16F7-4668-BE54-9A1E7A4F7556}") = "Tyuiu.StepanyukMV.Sprint1.Task1.V12.Test", "Tyuiu.StepanyukMV.Sprint1.Task1.V12.Test\Tyuiu.StepanyukMV.Sprint1.Task1.V12.Test.csproj", "{10406FD6-7538-4165-8B7E-DA4B28BE139B}"
EndProject
Project("{2150E333-8FDC-42A3-9474-1A3956D46DE8}") = "Task2", "Task2", "{99D7DAED-EA3E-4B92-9A65-D99D31D3E7E1}"
EndProject
Project("{9A19103F-16F7-4668-BE54-9A1E7A4F7556}") = "Tyuiu.StepanyukMV.Sprint1.Task2.V25", "Tyuiu.StepanyukMV.Sprint1.Task2.V25\Tyuiu.StepanyukMV.Sprint1.Task2.V25.csproj", "{E567D3E2-5BB7-427C-A563-79653B686E64}"
EndProject
Project("{9A19103F-16F7-4668-BE54-9A1E7A4F7556}") = "Tyuiu.StepanyukMV.Sprint1.Task2.V25.Lib", "Tyuiu.StepanyukMV.Sprint1.Task2.V25.Lib\Tyuiu.StepanyukMV.Sprint1.Task2.V25.Lib.csproj", "{590E5DE2-1F81-4859-B341-4E739E3E69E3}"
EndProject
Project("{9A19103F-16F7-4668-BE54-9A1E7A4F7556}") = "Tyuiu.StepanyukMV.Sprint1.Task2.V25.Test", "Tyuiu.StepanyukMV.Sprint1.Task2.V25.Test\Tyuiu.StepanyukMV.Sprint1.Task2.V25.Test.csproj", "{C7DBE68D-38C6-4BD3-95BB-DBC074452D30}"
EndProject
Project("{2150E333-8FDC-42A3-9474-1A3956D46DE8}") = "Task3", "Task3", "{0914DFD5-905B-480F-98E0-C7EACE67875E}"
EndProject
Project("{9A19103F-16F7-4668-BE54-9A1E7A4F7556}") = "Tyuiu.StepanyukMV.Sprint1.Task3.V2", "Tyuiu.StepanyukMV.Sprint1.Task3.V2\Tyuiu.StepanyukMV.Sprint1.Task3.V2.csproj", "{145A279A-4731-42D8-9584-84C67BBE7337}"
EndProject
Project("{9A19103F-16F7-4668-BE54-9A1E7A4F7556}") = "Tyuiu.StepanyukMV.Sprint1.Task3.V2.Lib", "Tyuiu.StepanyukMV.Sprint1.Task3.V2.Lib\Tyuiu.StepanyukMV.Sprint1.Task3.V2.Lib.csproj", "{49A181D0-0FE8-463C-9B86-A1662BA8CB89}"
EndProject
Project("{9A19103F-16F7-4668-BE54-9A1E7A4F7556}") = "Tyuiu.StepanyukMV.Sprint1.Task3.V2.Test", "Tyuiu.StepanyukMV.Sprint1.Task3.V2.Test\Tyuiu.StepanyukMV.Sprint1.Task3.V2.Test.csproj", "{5B8287F5-35DF-48B5-A73D-5F58D8A78C40}"
EndProject
Project("{2150E333-8FDC-42A3-9474-1A3956D46DE8}") = "Task4", "Task4", "{4A5C2A44-7C4C-4B1E-BF12-0EC8B26FC5AD}"
EndProject
Project("{FAE04EC0-301F-11D3-BF4B-00C04F79EFBC}") = "Tyuiu.StepanyukMV.Sprint1.Task4.V1", "Tyuiu.StepanyukMV.Sprint1.Task4.V1\Tyuiu.StepanyukMV.Sprint1.Task4.V1.csproj", "{0E803FBB-DE55-4223-A315-B1C6B8086EAD}"
EndProject
Project("{FAE04EC0-301F-11D3-BF4B-00C04F79EFBC}") = "Tyuiu.StepanyukMV.Sprint1.Task4.V1.Lib", "Tyuiu.StepanyukMV.Sprint1.Task4.V1.Lib\Tyuiu.StepanyukMV.Sprint1.Task4.V1.Lib.csproj", "{F2E22E3C-6380-4D9B-9C8A-330298ABE414}"
EndProject
Project("{FAE04EC0-301F-11D3-BF4B-00C04F79EFBC}") = "Tyuiu.StepanyukMV.Sprint1.Task4.V1.Test", "Tyuiu.StepanyukMV.Sprint1.Task4.V1.Test\Tyuiu.StepanyukMV.Sprint1.Task4.V1.Test.csproj", "{A7697AC8-257A-4480-92A0-FE9139B5C096}"
EndProject
Project("{2150E333-8FDC-42A3-9474-1A3956D46DE8}") = "Task5", "Task5", "{83F26471-22D8-43E0-B288-0AD33BF30718}"
EndProject
Project("{FAE04EC0-301F-11D3-BF4B-00C04F79EFBC}") = "Tyuiu.StepanyukMV.Sprint1.Task5.V5", "Tyuiu.StepanyukMV.Sprint1.Task5.V5\Tyuiu.StepanyukMV.Sprint1.Task5.V5.csproj", "{898CD638-76AA-4EDC-8E23-71E17F9C2013}"
EndProject
Project("{FAE04EC0-301F-11D3-BF4B-00C04F79EFBC}") = "Tyuiu.StepanyukMV.Sprint1.Task5.V5.Lib", "Tyuiu.StepanyukMV.Sprint1.Task5.V5.Lib\Tyuiu.StepanyukMV.Sprint1.Task5.V5.Lib.csproj", "{8D8C6D8A-92F7-45F3-A3D0-5291BA84B490}"
EndProject
Project("{FAE04EC0-301F-11D3-BF4B-00C04F79EFBC}") = "Tyuiu.StepanyukMV.Sprint1.Task5.V5.Test", "Tyuiu.StepanyukMV.Sprint1.Task5.V5.Test\Tyuiu.StepanyukMV.Sprint1.Task5.V5.Test.csproj", "{E25A7512-6CDC-45EF-9D25-AC0FA41A9A67}"
EndProject
Project("{2150E333-8FDC-42A3-9474-1A3956D46DE8}") = "Task6", "Task6", "{B3422C52-630A-402C-BDCE-03F26482217E}"
EndProject
Project("{FAE04EC0-301F-11D3-BF4B-00C04F79EFBC}") = "Tyuiu.StepanyukMV.Sprint1.Task6.V1", "Tyuiu.StepanyukMV.Sprint1.Task6.V1\Tyuiu.StepanyukMV.Sprint1.Task6.V1.csproj", "{5945DA8B-3CD7-406C-BE5A-C3632E532240}"
EndProject
Project("{FAE04EC0-301F-11D3-BF4B-00C04F79EFBC}") = "Tyuiu.StepanyukMV.Sprint1.Task6.V1.Lib", "Tyuiu.StepanyukMV.Sprint1.Task6.V1.Lib\Tyuiu.StepanyukMV.Sprint1.Task6.V1.Lib.csproj", "{40DDF5C9-0607-4DD3-AD26-459A352D4F57}"
EndProject
Project("{FAE04EC0-301F-11D3-BF4B-00C04F79EFBC}") = "Tyuiu.StepanyukMV.Sprint1.Task6.V1.Test", "Tyuiu.StepanyukMV.Sprint1.Task6.V1.Test\Tyuiu.StepanyukMV.Sprint1.Task6.V1.Test.csproj", "{854E156A-0FCD-4555-A413-92B7B3F51DBA}"
EndProject
Global
	GlobalSection(SolutionConfigurationPlatforms) = preSolution
		Debug|Any CPU = Debug|Any CPU
		Release|Any CPU = Release|Any CPU
	EndGlobalSection
	GlobalSection(ProjectConfigurationPlatforms) = postSolution
		{4F0ABEF2-C5CD-4008-932F-D8F41BBADFA3}.Debug|Any CPU.ActiveCfg = Debug|Any CPU
		{4F0ABEF2-C5CD-4008-932F-D8F41BBADFA3}.Debug|Any CPU.Build.0 = Debug|Any CPU
		{4F0ABEF2-C5CD-4008-932F-D8F41BBADFA3}.Release|Any CPU.ActiveCfg = Release|Any CPU
		{4F0ABEF2-C5CD-4008-932F-D8F41BBADFA3}.Release|Any CPU.Build.0 = Release|Any CPU
		{B9110B91-1037-450D-A30C-E381B1551279}.Debug|Any CPU.ActiveCfg = Debug|Any CPU
		{B9110B91-1037-450D-A30C-E381B1551279}.Debug|Any CPU.Build.0 = Debug|Any CPU
		{B9110B91-1037-450D-A30C-E381B1551279}.Release|Any CPU.ActiveCfg = Release|Any CPU
		{B9110B91-1037-450D-A30C-E381B1551279}.Release|Any CPU.Build.0 = Release|Any CPU
		{A76C85C4-3485-4C97-A42E-36A5DBAF0432}.Debug|Any CPU.ActiveCfg = Debug|Any CPU
		{A76C85C4-3485-4C97-A42E-36A5DBAF0432}.Debug|Any CPU.Build.0 = Debug|Any CPU
		{A76C85C4-3485-4C97-A42E-36A5DBAF0432}.Release|Any CPU.ActiveCfg = Release|Any CPU
		{A76C85C4-3485-4C97-A42E-36A5DBAF0432}.Release|Any CPU.Build.0 = Release|Any CPU
		{859B54F9-3C7F-4072-8EF9-F39C524E1615}.Debug|Any CPU.ActiveCfg = Debug|Any CPU
		{859B54F9-3C7F-4072-8EF9-F39C524E1615}.Debug|Any CPU.Build.0 = Debug|Any CPU
		{859B54F9-3C7F-4072-8EF9-F39C524E1615}.Release|Any CPU.ActiveCfg = Release|Any CPU
		{859B54F9-3C7F-4072-8EF9-F39C524E1615}.Release|Any CPU.Build.0 = Release|Any CPU
		{031A2C0F-7110-4CC8-8DBA-161F52A0FC78}.Debug|Any CPU.ActiveCfg = Debug|Any CPU
		{031A2C0F-7110-4CC8-8DBA-161F52A0FC78}.Debug|Any CPU.Build.0 = Debug|Any CPU
		{031A2C0F-7110-4CC8-8DBA-161F52A0FC78}.Release|Any CPU.ActiveCfg = Release|Any CPU
		{031A2C0F-7110-4CC8-8DBA-161F52A0FC78}.Release|Any CPU.Build.0 = Release|Any CPU
		{10406FD6-7538-4165-8B7E-DA4B28BE139B}.Debug|Any CPU.ActiveCfg = Debug|Any CPU
		{10406FD6-7538-4165-8B7E-DA4B28BE139B}.Debug|Any CPU.Build.0 = Debug|Any CPU
		{10406FD6-7538-4165-8B7E-DA4B28BE139B}.Release|Any CPU.ActiveCfg = Release|Any CPU
		{10406FD6-7538-4165-8B7E-DA4B28BE139B}.Release|Any CPU.Build.0 = Release|Any CPU
		{E567D3E2-5BB7-427C-A563-79653B686E64}.Debug|Any CPU.ActiveCfg = Debug|Any CPU
		{E567D3E2-5BB7-427C-A563-79653B686E64}.Debug|Any CPU.Build.0 = Debug|Any CPU
		{E567D3E2-5BB7-427C-A563-79653B686E64}.Release|Any CPU.ActiveCfg = Release|Any CPU
		{E567D3E2-5BB7-427C-A563-79653B686E64}.Release|Any CPU.Build.0 = Release|Any CPU
		{590E5DE2-1F81-4859-B341-4E739E3E69E3}.Debug|Any CPU.ActiveCfg = Debug|Any CPU
		{590E5DE2-1F81-4859-B341-4E739E3E69E3}.Debug|Any CPU.Build.0 = Debug|Any CPU
		{590E5DE2-1F81-4859-B341-4E739E3E69E3}.Release|Any CPU.ActiveCfg = Release|Any CPU
		{590E5DE2-1F81-4859-B341-4E739E3E69E3}.Release|Any CPU.Build.0 = Release|Any CPU
		{C7DBE68D-38C6-4BD3-95BB-DBC074452D30}.Debug|Any CPU.ActiveCfg = Debug|Any CPU
		{C7DBE68D-38C6-4BD3-95BB-DBC074452D30}.Debug|Any CPU.Build.0 = Debug|Any CPU
		{C7DBE68D-38C6-4BD3-95BB-DBC074452D30}.Release|Any CPU.ActiveCfg = Release|Any CPU
		{C7DBE68D-38C6-4BD3-95BB-DBC074452D30}.Release|Any CPU.Build.0 = Release|Any CPU
		{145A279A-4731-42D8-9584-84C67BBE7337}.Debug|Any CPU.ActiveCfg = Debug|Any CPU
		{145A279A-4731-42D8-9584-84C67BBE7337}.Debug|Any CPU.Build.0 = Debug|Any CPU
		{145A279A-4731-42D8-9584-84C67BBE7337}.Release|Any CPU.ActiveCfg = Release|Any CPU
		{145A279A-4731-42D8-9584-84C67BBE7337}.Release|Any CPU.Build.0 = Release|Any CPU
		{49A181D0-0FE8-463C-9B86-A1662BA8CB89}.Debug|Any CPU.ActiveCfg = Debug|Any CPU
		{49A181D0-0FE8-463C-9B86-A1662BA8CB89}.Debug|Any CPU.Build.0 = Debug|Any CPU
		{49A181D0-0FE8-463C-9B86-A1662BA8CB89}.Release|Any CPU.ActiveCfg = Release|Any CPU
		{49A181D0-0FE8-463C-9B86-A1662BA8CB89}.Release|Any CPU.Build.0 = Release|Any CPU
		{5B8287F5-35DF-48B5-A73D-5F58D8A78C40}.Debug|Any CPU.ActiveCfg = Debug|Any CPU
		{5B8287F5-35DF-48B5-A73D-5F58D8A78C40}.Debug|Any CPU.Build.0 = Debug|Any CPU
		{5B8287F5-35DF-48B5-A73D-5F58D8A78C40}.Release|Any CPU.ActiveCfg = Release|Any CPU
		{5B8287F5-35DF-48B5-A73D-5F58D8A78C40}.Release|Any CPU.Build.0 = Release|Any CPU
		{0E803FBB-DE55-4223-A315-B1C6B8086EAD}.Debug|Any CPU.ActiveCfg = Debug|Any CPU
		{0E803FBB-DE55-4223-A315-B1C6B8086EAD}.Debug|Any CPU.Build.0 = Debug|Any CPU
		{0E803FBB-DE55-4223-A315-B1C6B8086EAD}.Release|Any CPU.ActiveCfg = Release|Any CPU
		{0E803FBB-DE55-4223-A315-B1C6B8086EAD}.Release|Any CPU.Build.0 = Release|Any CPU
		{F2E22E3C-6380-4D9B-9C8A-330298ABE414}.Debug|Any CPU.ActiveCfg = Debug|Any CPU
		{F2E22E3C-6380-4D9B-9C8A-330298ABE414}.Debug|Any CPU.Build.0 = Debug|Any CPU
		{F2E22E3C-6380-4D9B-9C8A-330298ABE414}.Release|Any CPU.ActiveCfg = Release|Any CPU
		{F2E22E3C-6380-4D9B-9C8A-330298ABE414}.Release|Any CPU.Build.0 = Release|Any CPU
		{A7697AC8-257A-4480-92A0-FE9139B5C096}.Debug|Any CPU.ActiveCfg = Debug|Any CPU
		{A7697AC8-257A-4480-92A0-FE9139B5C096}.Debug|Any CPU.Build.0 = Debug|Any CPU
		{A7697AC8-257A-4480-92A0-FE9139B5C096}.Release|Any CPU.ActiveCfg = Release|Any CPU
		{A7697AC8-257A-4480-92A0-FE9139B5C096}.Release|Any CPU.Build.0 = Release|Any CPU
		{898CD638-76AA-4EDC-8E23-71E17F9C2013}.Debug|Any CPU.ActiveCfg = Debug|Any CPU
		{898CD638-76AA-4EDC-8E23-71E17F9C2013}.Debug|Any CPU.Build.0 = Debug|Any CPU
		{898CD638-76AA-4EDC-8E23-71E17F9C2013}.Release|Any CPU.ActiveCfg = Release|Any CPU
		{898CD638-76AA-4EDC-8E23-71E17F9C2013}.Release|Any CPU.Build.0 = Release|Any CPU
		{8D8C6D8A-92F7-45F3-A3D0-5291BA84B490}.Debug|Any CPU.ActiveCfg = Debug|Any CPU
		{8D8C6D8A-92F7-45F3-A3D0-5291BA84B490}.Debug|Any CPU.Build.0 = Debug|Any CPU
		{8D8C6D8A-92F7-45F3-A3D0-5291BA84B490}.Release|Any CPU.ActiveCfg = Release|Any CPU
		{8D8C6D8A-92F7-45F3-A3D0-5291BA84B490}.Release|Any CPU.Build.0 = Release|Any CPU
		{E25A7512-6CDC-45EF-9D25-AC0FA41A9A67}.Debug|Any CPU.ActiveCfg = Debug|Any CPU
		{E25A7512-6CDC-45EF-9D25-AC0FA41A9A67}.Debug|Any CPU.Build.0 = Debug|Any CPU
		{E25A7512-6CDC-45EF-9D25-AC0FA41A9A67}.Release|Any CPU.ActiveCfg = Release|Any CPU
		{E25A7512-6CDC-45EF-9D25-AC0FA41A9A67}.Release|Any CPU.Build.0 = Release|Any CPU
		{5945DA8B-3CD7-406C-BE5A-C3632E532240}.Debug|Any CPU.ActiveCfg = Debug|Any CPU
		{5945DA8B-3CD7-406C-BE5A-C3632E532240}.Debug|Any CPU.Build.0 = Debug|Any CPU
		{5945DA8B-3CD7-406C-BE5A-C3632E532240}.Release|Any CPU.ActiveCfg = Release|Any CPU
		{5945DA8B-3CD7-406C-BE5A-C3632E532240}.Release|Any CPU.Build.0 = Release|Any CPU
		{40DDF5C9-0607-4DD3-AD26-459A352D4F57}.Debug|Any CPU.ActiveCfg = Debug|Any CPU
		{40DDF5C9-0607-4DD3-AD26-459A352D4F57}.Debug|Any CPU.Build.0 = Debug|Any CPU
		{40DDF5C9-0607-4DD3-AD26-459A352D4F57}.Release|Any CPU.ActiveCfg = Release|Any CPU
		{40DDF5C9-0607-4DD3-AD26-459A352D4F57}.Release|Any CPU.Build.0 = Release|Any CPU
		{854E156A-0FCD-4555-A413-92B7B3F51DBA}.Debug|Any CPU.ActiveCfg = Debug|Any CPU
		{854E156A-0FCD-4555-A413-92B7B3F51DBA}.Debug|Any CPU.Build.0 = Debug|Any CPU
		{854E156A-0FCD-4555-A413-92B7B3F51DBA}.Release|Any CPU.ActiveCfg = Release|Any CPU
		{854E156A-0FCD-4555-A413-92B7B3F51DBA}.Release|Any CPU.Build.0 = Release|Any CPU
	EndGlobalSection
	GlobalSection(SolutionProperties) = preSolution
		HideSolutionNode = FALSE
	EndGlobalSection
	GlobalSection(NestedProjects) = preSolution
		{4F0ABEF2-C5CD-4008-932F-D8F41BBADFA3} = {68E6D6B7-8630-4BCF-A009-1EDDF033CCEB}
		{B9110B91-1037-450D-A30C-E381B1551279} = {68E6D6B7-8630-4BCF-A009-1EDDF033CCEB}
		{A76C85C4-3485-4C97-A42E-36A5DBAF0432} = {68E6D6B7-8630-4BCF-A009-1EDDF033CCEB}
		{859B54F9-3C7F-4072-8EF9-F39C524E1615} = {6969855E-D42D-40F2-810E-8D97E0B184AB}
		{031A2C0F-7110-4CC8-8DBA-161F52A0FC78} = {6969855E-D42D-40F2-810E-8D97E0B184AB}
		{10406FD6-7538-4165-8B7E-DA4B28BE139B} = {6969855E-D42D-40F2-810E-8D97E0B184AB}
		{E567D3E2-5BB7-427C-A563-79653B686E64} = {99D7DAED-EA3E-4B92-9A65-D99D31D3E7E1}
		{590E5DE2-1F81-4859-B341-4E739E3E69E3} = {99D7DAED-EA3E-4B92-9A65-D99D31D3E7E1}
		{C7DBE68D-38C6-4BD3-95BB-DBC074452D30} = {99D7DAED-EA3E-4B92-9A65-D99D31D3E7E1}
		{145A279A-4731-42D8-9584-84C67BBE7337} = {0914DFD5-905B-480F-98E0-C7EACE67875E}
		{49A181D0-0FE8-463C-9B86-A1662BA8CB89} = {0914DFD5-905B-480F-98E0-C7EACE67875E}
		{5B8287F5-35DF-48B5-A73D-5F58D8A78C40} = {0914DFD5-905B-480F-98E0-C7EACE67875E}
		{0E803FBB-DE55-4223-A315-B1C6B8086EAD} = {4A5C2A44-7C4C-4B1E-BF12-0EC8B26FC5AD}
		{F2E22E3C-6380-4D9B-9C8A-330298ABE414} = {4A5C2A44-7C4C-4B1E-BF12-0EC8B26FC5AD}
		{A7697AC8-257A-4480-92A0-FE9139B5C096} = {4A5C2A44-7C4C-4B1E-BF12-0EC8B26FC5AD}
		{898CD638-76AA-4EDC-8E23-71E17F9C2013} = {83F26471-22D8-43E0-B288-0AD33BF30718}
		{8D8C6D8A-92F7-45F3-A3D0-5291BA84B490} = {83F26471-22D8-43E0-B288-0AD33BF30718}
		{E25A7512-6CDC-45EF-9D25-AC0FA41A9A67} = {83F26471-22D8-43E0-B288-0AD33BF30718}
		{5945DA8B-3CD7-406C-BE5A-C3632E532240} = {B3422C52-630A-402C-BDCE-03F26482217E}
		{40DDF5C9-0607-4DD3-AD26-459A352D4F57} = {B3422C52-630A-402C-BDCE-03F26482217E}
		{854E156A-0FCD-4555-A413-92B7B3F51DBA} = {B3422C52-630A-402C-BDCE-03F26482217E}
	EndGlobalSection
	GlobalSection(ExtensibilityGlobals) = postSolution
		SolutionGuid = {E3727851-AE5D-4CDD-B562-6B00BDFF29EA}
	EndGlobalSection
EndGlobal
